// !$*UTF8*$!
{
	archiveVersion = 1;
	classes = {
	};
	objectVersion = 55;
	objects = {

/* Begin PBXBuildFile section */
		5402968C283CB792000B463A /* ColorGrid.swift in Sources */ = {isa = PBXBuildFile; fileRef = 5402968B283CB792000B463A /* ColorGrid.swift */; };
		5402968D283CB792000B463A /* ColorGrid.swift in Sources */ = {isa = PBXBuildFile; fileRef = 5402968B283CB792000B463A /* ColorGrid.swift */; };
		54029690283CB8CA000B463A /* ColorResource.swift in Sources */ = {isa = PBXBuildFile; fileRef = 5402968F283CB8CA000B463A /* ColorResource.swift */; };
		54029691283CB8CA000B463A /* ColorResource.swift in Sources */ = {isa = PBXBuildFile; fileRef = 5402968F283CB8CA000B463A /* ColorResource.swift */; };
		54053F3B283E1B0500F2C60F /* Permission.swift in Sources */ = {isa = PBXBuildFile; fileRef = 54053F3A283E1B0500F2C60F /* Permission.swift */; };
		54053F3C283E1B0500F2C60F /* Permission.swift in Sources */ = {isa = PBXBuildFile; fileRef = 54053F3A283E1B0500F2C60F /* Permission.swift */; };
		54053F44283E93C500F2C60F /* FireWorkView.swift in Sources */ = {isa = PBXBuildFile; fileRef = 54053F43283E93C500F2C60F /* FireWorkView.swift */; };
		54053F45283E93C500F2C60F /* FireWorkView.swift in Sources */ = {isa = PBXBuildFile; fileRef = 54053F43283E93C500F2C60F /* FireWorkView.swift */; };
		5425EEAA28448F2700C312CA /* SubscriptionView+ViewModel.swift in Sources */ = {isa = PBXBuildFile; fileRef = 5425EEA928448F2700C312CA /* SubscriptionView+ViewModel.swift */; };
		5425EEAB28448F2700C312CA /* SubscriptionView+ViewModel.swift in Sources */ = {isa = PBXBuildFile; fileRef = 5425EEA928448F2700C312CA /* SubscriptionView+ViewModel.swift */; };
		5425EEAD28448FB400C312CA /* SubscriptionCell.swift in Sources */ = {isa = PBXBuildFile; fileRef = 5425EEAC28448FB400C312CA /* SubscriptionCell.swift */; };
		5425EEAE28448FB400C312CA /* SubscriptionCell.swift in Sources */ = {isa = PBXBuildFile; fileRef = 5425EEAC28448FB400C312CA /* SubscriptionCell.swift */; };
		542E8AF9283A986400D6D7D4 /* LogoView.swift in Sources */ = {isa = PBXBuildFile; fileRef = 542E8AF8283A986400D6D7D4 /* LogoView.swift */; };
		542E8AFA283A986400D6D7D4 /* LogoView.swift in Sources */ = {isa = PBXBuildFile; fileRef = 542E8AF8283A986400D6D7D4 /* LogoView.swift */; };
		542E8AFC283A987200D6D7D4 /* WheelView.swift in Sources */ = {isa = PBXBuildFile; fileRef = 542E8AFB283A987200D6D7D4 /* WheelView.swift */; };
		542E8AFD283A987200D6D7D4 /* WheelView.swift in Sources */ = {isa = PBXBuildFile; fileRef = 542E8AFB283A987200D6D7D4 /* WheelView.swift */; };
		542E8AFF283AA73700D6D7D4 /* BigBanView.swift in Sources */ = {isa = PBXBuildFile; fileRef = 542E8AFE283AA73700D6D7D4 /* BigBanView.swift */; };
		542E8B00283AA73700D6D7D4 /* BigBanView.swift in Sources */ = {isa = PBXBuildFile; fileRef = 542E8AFE283AA73700D6D7D4 /* BigBanView.swift */; };
		542E8B02283AAD1E00D6D7D4 /* BridgeView.swift in Sources */ = {isa = PBXBuildFile; fileRef = 542E8B01283AAD1E00D6D7D4 /* BridgeView.swift */; };
		542E8B03283AAD1E00D6D7D4 /* BridgeView.swift in Sources */ = {isa = PBXBuildFile; fileRef = 542E8B01283AAD1E00D6D7D4 /* BridgeView.swift */; };
		542E8B05283AAD2800D6D7D4 /* EggView.swift in Sources */ = {isa = PBXBuildFile; fileRef = 542E8B04283AAD2800D6D7D4 /* EggView.swift */; };
		542E8B06283AAD2800D6D7D4 /* EggView.swift in Sources */ = {isa = PBXBuildFile; fileRef = 542E8B04283AAD2800D6D7D4 /* EggView.swift */; };
		542E8B08283AAD5400D6D7D4 /* CastleView.swift in Sources */ = {isa = PBXBuildFile; fileRef = 542E8B07283AAD5400D6D7D4 /* CastleView.swift */; };
		542E8B09283AAD5400D6D7D4 /* CastleView.swift in Sources */ = {isa = PBXBuildFile; fileRef = 542E8B07283AAD5400D6D7D4 /* CastleView.swift */; };
		542E8B0B283AAD6000D6D7D4 /* MuseumView.swift in Sources */ = {isa = PBXBuildFile; fileRef = 542E8B0A283AAD6000D6D7D4 /* MuseumView.swift */; };
		542E8B0C283AAD6000D6D7D4 /* MuseumView.swift in Sources */ = {isa = PBXBuildFile; fileRef = 542E8B0A283AAD6000D6D7D4 /* MuseumView.swift */; };
		542E8B0E283AB3BA00D6D7D4 /* SkyScraperView.swift in Sources */ = {isa = PBXBuildFile; fileRef = 542E8B0D283AB3BA00D6D7D4 /* SkyScraperView.swift */; };
		542E8B0F283AB3BA00D6D7D4 /* SkyScraperView.swift in Sources */ = {isa = PBXBuildFile; fileRef = 542E8B0D283AB3BA00D6D7D4 /* SkyScraperView.swift */; };
		54590B3428361DAA00214713 /* InAppPurchaseManager.swift in Sources */ = {isa = PBXBuildFile; fileRef = 54590B3328361DAA00214713 /* InAppPurchaseManager.swift */; };
		54590B3528361DAA00214713 /* InAppPurchaseManager.swift in Sources */ = {isa = PBXBuildFile; fileRef = 54590B3328361DAA00214713 /* InAppPurchaseManager.swift */; };
		54590B38283650DE00214713 /* ShareActivityView.swift in Sources */ = {isa = PBXBuildFile; fileRef = 54590B37283650DE00214713 /* ShareActivityView.swift */; };
		54590B39283650DE00214713 /* ShareActivityView.swift in Sources */ = {isa = PBXBuildFile; fileRef = 54590B37283650DE00214713 /* ShareActivityView.swift */; };
		54832C8D283FD31B0013E961 /* InviteFriendPromtView.swift in Sources */ = {isa = PBXBuildFile; fileRef = 54832C8C283FD31B0013E961 /* InviteFriendPromtView.swift */; };
		54832C8E283FD31B0013E961 /* InviteFriendPromtView.swift in Sources */ = {isa = PBXBuildFile; fileRef = 54832C8C283FD31B0013E961 /* InviteFriendPromtView.swift */; };
		5494821C282E160C009DAB25 /* MainView.swift in Sources */ = {isa = PBXBuildFile; fileRef = 54E349C9282D08F90059AFD0 /* MainView.swift */; };
		5494821F282E1635009DAB25 /* Image+File.swift in Sources */ = {isa = PBXBuildFile; fileRef = 5494821E282E1635009DAB25 /* Image+File.swift */; };
		54948221282E19E4009DAB25 /* AppDelegate_iOS.swift in Sources */ = {isa = PBXBuildFile; fileRef = 54948220282E19E4009DAB25 /* AppDelegate_iOS.swift */; };
		54948224282E1C1A009DAB25 /* AppDelegate_macOS.swift in Sources */ = {isa = PBXBuildFile; fileRef = 54948222282E1B5B009DAB25 /* AppDelegate_macOS.swift */; };
		54948227282E1D38009DAB25 /* AppSettings.swift in Sources */ = {isa = PBXBuildFile; fileRef = 54948226282E1D38009DAB25 /* AppSettings.swift */; };
		54948228282E1D38009DAB25 /* AppSettings.swift in Sources */ = {isa = PBXBuildFile; fileRef = 54948226282E1D38009DAB25 /* AppSettings.swift */; };
		5494823A282E270D009DAB25 /* Lesson in Resources */ = {isa = PBXBuildFile; fileRef = 54948239282E270D009DAB25 /* Lesson */; };
		5494823B282E270D009DAB25 /* Lesson in Resources */ = {isa = PBXBuildFile; fileRef = 54948239282E270D009DAB25 /* Lesson */; };
		5494823D282E5BA2009DAB25 /* WordCell.swift in Sources */ = {isa = PBXBuildFile; fileRef = 5494823C282E5BA2009DAB25 /* WordCell.swift */; };
		5494823E282E5BA2009DAB25 /* WordCell.swift in Sources */ = {isa = PBXBuildFile; fileRef = 5494823C282E5BA2009DAB25 /* WordCell.swift */; };
		5494823F282E61DB009DAB25 /* Image+File.swift in Sources */ = {isa = PBXBuildFile; fileRef = 5494821E282E1635009DAB25 /* Image+File.swift */; };
		54948241282E6444009DAB25 /* Game.swift in Sources */ = {isa = PBXBuildFile; fileRef = 54948240282E6444009DAB25 /* Game.swift */; };
		54948242282E6444009DAB25 /* Game.swift in Sources */ = {isa = PBXBuildFile; fileRef = 54948240282E6444009DAB25 /* Game.swift */; };
		54948244282E6681009DAB25 /* RandomGenerator.swift in Sources */ = {isa = PBXBuildFile; fileRef = 54948243282E6681009DAB25 /* RandomGenerator.swift */; };
		54948245282E6681009DAB25 /* RandomGenerator.swift in Sources */ = {isa = PBXBuildFile; fileRef = 54948243282E6681009DAB25 /* RandomGenerator.swift */; };
		54948247282E76C5009DAB25 /* TimeInterval+Format.swift in Sources */ = {isa = PBXBuildFile; fileRef = 54948246282E76C5009DAB25 /* TimeInterval+Format.swift */; };
		54948248282E76C5009DAB25 /* TimeInterval+Format.swift in Sources */ = {isa = PBXBuildFile; fileRef = 54948246282E76C5009DAB25 /* TimeInterval+Format.swift */; };
		54948278282F8198009DAB25 /* HeartSlotView.swift in Sources */ = {isa = PBXBuildFile; fileRef = 54948277282F8198009DAB25 /* HeartSlotView.swift */; };
		54948279282F8198009DAB25 /* HeartSlotView.swift in Sources */ = {isa = PBXBuildFile; fileRef = 54948277282F8198009DAB25 /* HeartSlotView.swift */; };
		5494827B282FA576009DAB25 /* CenteredGridLayout.swift in Sources */ = {isa = PBXBuildFile; fileRef = 5494827A282FA576009DAB25 /* CenteredGridLayout.swift */; };
		5494827C282FA576009DAB25 /* CenteredGridLayout.swift in Sources */ = {isa = PBXBuildFile; fileRef = 5494827A282FA576009DAB25 /* CenteredGridLayout.swift */; };
		54B638AF2834A30200C8C87A /* ProgressResource.swift in Sources */ = {isa = PBXBuildFile; fileRef = 54B638AE2834A30200C8C87A /* ProgressResource.swift */; };
		54B638B02834A30200C8C87A /* ProgressResource.swift in Sources */ = {isa = PBXBuildFile; fileRef = 54B638AE2834A30200C8C87A /* ProgressResource.swift */; };
		54B638B62834A4DB00C8C87A /* Progress.swift in Sources */ = {isa = PBXBuildFile; fileRef = 54B638B52834A4DB00C8C87A /* Progress.swift */; };
		54B638B72834A4DB00C8C87A /* Progress.swift in Sources */ = {isa = PBXBuildFile; fileRef = 54B638B52834A4DB00C8C87A /* Progress.swift */; };
		54B638BA2834CBBE00C8C87A /* SubscriptionResource.swift in Sources */ = {isa = PBXBuildFile; fileRef = 54B638B92834CBBE00C8C87A /* SubscriptionResource.swift */; };
		54B638BB2834CBBE00C8C87A /* SubscriptionResource.swift in Sources */ = {isa = PBXBuildFile; fileRef = 54B638B92834CBBE00C8C87A /* SubscriptionResource.swift */; };
		54B638BE2834CDED00C8C87A /* PermisionResource.swift in Sources */ = {isa = PBXBuildFile; fileRef = 54B638BD2834CDED00C8C87A /* PermisionResource.swift */; };
		54B638BF2834CDED00C8C87A /* PermisionResource.swift in Sources */ = {isa = PBXBuildFile; fileRef = 54B638BD2834CDED00C8C87A /* PermisionResource.swift */; };
		54B638C82834DA6300C8C87A /* ShareResource.swift in Sources */ = {isa = PBXBuildFile; fileRef = 54B638C72834DA6300C8C87A /* ShareResource.swift */; };
		54B638C92834DA6300C8C87A /* ShareResource.swift in Sources */ = {isa = PBXBuildFile; fileRef = 54B638C72834DA6300C8C87A /* ShareResource.swift */; };
		54B638CC2835012100C8C87A /* MoreView.swift in Sources */ = {isa = PBXBuildFile; fileRef = 54B638CB2835012100C8C87A /* MoreView.swift */; };
		54B638CD2835012100C8C87A /* MoreView.swift in Sources */ = {isa = PBXBuildFile; fileRef = 54B638CB2835012100C8C87A /* MoreView.swift */; };
		54B638CF2835017100C8C87A /* MoreView+ViewModel.swift in Sources */ = {isa = PBXBuildFile; fileRef = 54B638CE2835017100C8C87A /* MoreView+ViewModel.swift */; };
		54B638D02835017100C8C87A /* MoreView+ViewModel.swift in Sources */ = {isa = PBXBuildFile; fileRef = 54B638CE2835017100C8C87A /* MoreView+ViewModel.swift */; };
		54B638D528351C0F00C8C87A /* CheckView.swift in Sources */ = {isa = PBXBuildFile; fileRef = 54B638D428351C0F00C8C87A /* CheckView.swift */; };
		54B638D628351C0F00C8C87A /* CheckView.swift in Sources */ = {isa = PBXBuildFile; fileRef = 54B638D428351C0F00C8C87A /* CheckView.swift */; };
		54B638D828351C1C00C8C87A /* CrossView.swift in Sources */ = {isa = PBXBuildFile; fileRef = 54B638D728351C1C00C8C87A /* CrossView.swift */; };
		54B638D928351C1C00C8C87A /* CrossView.swift in Sources */ = {isa = PBXBuildFile; fileRef = 54B638D728351C1C00C8C87A /* CrossView.swift */; };
		54B9E78F28324348001F3D6B /* OpenGameTransaction.swift in Sources */ = {isa = PBXBuildFile; fileRef = 54B9E78E28324348001F3D6B /* OpenGameTransaction.swift */; };
		54B9E79028324348001F3D6B /* OpenGameTransaction.swift in Sources */ = {isa = PBXBuildFile; fileRef = 54B9E78E28324348001F3D6B /* OpenGameTransaction.swift */; };
		54B9E79228326D35001F3D6B /* AudioResource.swift in Sources */ = {isa = PBXBuildFile; fileRef = 54B9E79128326D35001F3D6B /* AudioResource.swift */; };
		54B9E79328326D35001F3D6B /* AudioResource.swift in Sources */ = {isa = PBXBuildFile; fileRef = 54B9E79128326D35001F3D6B /* AudioResource.swift */; };
		54B9E79528326E0E001F3D6B /* Sound in Resources */ = {isa = PBXBuildFile; fileRef = 54B9E79428326E0E001F3D6B /* Sound */; };
		54B9E79628326E0E001F3D6B /* Sound in Resources */ = {isa = PBXBuildFile; fileRef = 54B9E79428326E0E001F3D6B /* Sound */; };
		54B9E799283270CE001F3D6B /* URL+FileName.swift in Sources */ = {isa = PBXBuildFile; fileRef = 54B9E798283270CE001F3D6B /* URL+FileName.swift */; };
		54B9E79A283270CE001F3D6B /* URL+FileName.swift in Sources */ = {isa = PBXBuildFile; fileRef = 54B9E798283270CE001F3D6B /* URL+FileName.swift */; };
		54B9E79C28327EC0001F3D6B /* Music in Resources */ = {isa = PBXBuildFile; fileRef = 54B9E79B28327EC0001F3D6B /* Music */; };
		54B9E79D28327EC0001F3D6B /* Music in Resources */ = {isa = PBXBuildFile; fileRef = 54B9E79B28327EC0001F3D6B /* Music */; };
		54CBAD4E2840969D00B05333 /* replicas.json in Resources */ = {isa = PBXBuildFile; fileRef = 54CBAD4D2840969D00B05333 /* replicas.json */; };
		54CBAD4F2840969D00B05333 /* replicas.json in Resources */ = {isa = PBXBuildFile; fileRef = 54CBAD4D2840969D00B05333 /* replicas.json */; };
		54CBAD52284096C300B05333 /* ReplicaSource.swift in Sources */ = {isa = PBXBuildFile; fileRef = 54CBAD51284096C300B05333 /* ReplicaSource.swift */; };
		54CBAD53284096C300B05333 /* ReplicaSource.swift in Sources */ = {isa = PBXBuildFile; fileRef = 54CBAD51284096C300B05333 /* ReplicaSource.swift */; };
		54CBAD5528409BDE00B05333 /* Replica.swift in Sources */ = {isa = PBXBuildFile; fileRef = 54CBAD5428409BDE00B05333 /* Replica.swift */; };
		54CBAD5628409BDE00B05333 /* Replica.swift in Sources */ = {isa = PBXBuildFile; fileRef = 54CBAD5428409BDE00B05333 /* Replica.swift */; };
		54CBAD592840C0C000B05333 /* SubscriptionView.swift in Sources */ = {isa = PBXBuildFile; fileRef = 54CBAD582840C0C000B05333 /* SubscriptionView.swift */; };
		54CBAD5A2840C0C000B05333 /* SubscriptionView.swift in Sources */ = {isa = PBXBuildFile; fileRef = 54CBAD582840C0C000B05333 /* SubscriptionView.swift */; };
		54DADB212830CABC005BDE65 /* PressAction.swift in Sources */ = {isa = PBXBuildFile; fileRef = 54DADB202830CABC005BDE65 /* PressAction.swift */; };
		54DADB222830CABC005BDE65 /* PressAction.swift in Sources */ = {isa = PBXBuildFile; fileRef = 54DADB202830CABC005BDE65 /* PressAction.swift */; };
		54DADB252830DB34005BDE65 /* WordCell+ViewModel.swift in Sources */ = {isa = PBXBuildFile; fileRef = 54DADB242830DB34005BDE65 /* WordCell+ViewModel.swift */; };
		54DADB262830DB34005BDE65 /* WordCell+ViewModel.swift in Sources */ = {isa = PBXBuildFile; fileRef = 54DADB242830DB34005BDE65 /* WordCell+ViewModel.swift */; };
		54E349BA282D08C10059AFD0 /* EnglishGameTimeApp.swift in Sources */ = {isa = PBXBuildFile; fileRef = 54E349AA282D08BF0059AFD0 /* EnglishGameTimeApp.swift */; };
		54E349BB282D08C10059AFD0 /* EnglishGameTimeApp.swift in Sources */ = {isa = PBXBuildFile; fileRef = 54E349AA282D08BF0059AFD0 /* EnglishGameTimeApp.swift */; };
		54E349BC282D08C10059AFD0 /* ContentView.swift in Sources */ = {isa = PBXBuildFile; fileRef = 54E349AB282D08BF0059AFD0 /* ContentView.swift */; };
		54E349BD282D08C10059AFD0 /* ContentView.swift in Sources */ = {isa = PBXBuildFile; fileRef = 54E349AB282D08BF0059AFD0 /* ContentView.swift */; };
		54E349BE282D08C10059AFD0 /* Assets.xcassets in Resources */ = {isa = PBXBuildFile; fileRef = 54E349AC282D08C10059AFD0 /* Assets.xcassets */; };
		54E349BF282D08C10059AFD0 /* Assets.xcassets in Resources */ = {isa = PBXBuildFile; fileRef = 54E349AC282D08C10059AFD0 /* Assets.xcassets */; };
		54E349CA282D08F90059AFD0 /* MainView.swift in Sources */ = {isa = PBXBuildFile; fileRef = 54E349C9282D08F90059AFD0 /* MainView.swift */; };
		54E349CC282D0A9E0059AFD0 /* MainView+ViewModel.swift in Sources */ = {isa = PBXBuildFile; fileRef = 54E349CB282D0A9E0059AFD0 /* MainView+ViewModel.swift */; };
		54E349CD282D0AA00059AFD0 /* MainView+ViewModel.swift in Sources */ = {isa = PBXBuildFile; fileRef = 54E349CB282D0A9E0059AFD0 /* MainView+ViewModel.swift */; };
		54E349D1282D0B0F0059AFD0 /* GameView.swift in Sources */ = {isa = PBXBuildFile; fileRef = 54E349D0282D0B0F0059AFD0 /* GameView.swift */; };
		54E349D2282D0B0F0059AFD0 /* GameView.swift in Sources */ = {isa = PBXBuildFile; fileRef = 54E349D0282D0B0F0059AFD0 /* GameView.swift */; };
		54E349D4282D0CF20059AFD0 /* LessonResource.swift in Sources */ = {isa = PBXBuildFile; fileRef = 54E349D3282D0CF20059AFD0 /* LessonResource.swift */; };
		54E349D5282D0CF20059AFD0 /* LessonResource.swift in Sources */ = {isa = PBXBuildFile; fileRef = 54E349D3282D0CF20059AFD0 /* LessonResource.swift */; };
		54E349D7282D0D190059AFD0 /* Lesson.swift in Sources */ = {isa = PBXBuildFile; fileRef = 54E349D6282D0D190059AFD0 /* Lesson.swift */; };
		54E349D8282D0D190059AFD0 /* Lesson.swift in Sources */ = {isa = PBXBuildFile; fileRef = 54E349D6282D0D190059AFD0 /* Lesson.swift */; };
		54E349DB282D0E190059AFD0 /* Word.swift in Sources */ = {isa = PBXBuildFile; fileRef = 54E349DA282D0E190059AFD0 /* Word.swift */; };
		54E349DC282D0E190059AFD0 /* Word.swift in Sources */ = {isa = PBXBuildFile; fileRef = 54E349DA282D0E190059AFD0 /* Word.swift */; };
		54E349E9282D1DB90059AFD0 /* GameView+ViewModel.swift in Sources */ = {isa = PBXBuildFile; fileRef = 54E349E8282D1DB90059AFD0 /* GameView+ViewModel.swift */; };
		54E349EA282D1DB90059AFD0 /* GameView+ViewModel.swift in Sources */ = {isa = PBXBuildFile; fileRef = 54E349E8282D1DB90059AFD0 /* GameView+ViewModel.swift */; };
		54E349EC282D25C90059AFD0 /* LessonCell.swift in Sources */ = {isa = PBXBuildFile; fileRef = 54E349EB282D25C90059AFD0 /* LessonCell.swift */; };
		54E349ED282D25C90059AFD0 /* LessonCell.swift in Sources */ = {isa = PBXBuildFile; fileRef = 54E349EB282D25C90059AFD0 /* LessonCell.swift */; };
		54F8A01F283B612E0037E931 /* CGPoint.swift in Sources */ = {isa = PBXBuildFile; fileRef = 54F8A01E283B612E0037E931 /* CGPoint.swift */; };
		54F8A020283B612E0037E931 /* CGPoint.swift in Sources */ = {isa = PBXBuildFile; fileRef = 54F8A01E283B612E0037E931 /* CGPoint.swift */; };
		54F8A022283B95820037E931 /* ImpactGenerator.swift in Sources */ = {isa = PBXBuildFile; fileRef = 54F8A021283B95820037E931 /* ImpactGenerator.swift */; };
		54F8A023283B95820037E931 /* ImpactGenerator.swift in Sources */ = {isa = PBXBuildFile; fileRef = 54F8A021283B95820037E931 /* ImpactGenerator.swift */; };
		54F8A027283BABC80037E931 /* RateResource.swift in Sources */ = {isa = PBXBuildFile; fileRef = 54F8A026283BABC80037E931 /* RateResource.swift */; };
		54F8A028283BABC80037E931 /* RateResource.swift in Sources */ = {isa = PBXBuildFile; fileRef = 54F8A026283BABC80037E931 /* RateResource.swift */; };
		54F8A02A283BC3B40037E931 /* ProgressBarView.swift in Sources */ = {isa = PBXBuildFile; fileRef = 54F8A029283BC3B40037E931 /* ProgressBarView.swift */; };
		54F8A02B283BC3B40037E931 /* ProgressBarView.swift in Sources */ = {isa = PBXBuildFile; fileRef = 54F8A029283BC3B40037E931 /* ProgressBarView.swift */; };
		54F8A02D283C05850037E931 /* GeometryProxy.swift in Sources */ = {isa = PBXBuildFile; fileRef = 54F8A02C283C05850037E931 /* GeometryProxy.swift */; };
		54F8A02E283C05850037E931 /* GeometryProxy.swift in Sources */ = {isa = PBXBuildFile; fileRef = 54F8A02C283C05850037E931 /* GeometryProxy.swift */; };
/* End PBXBuildFile section */

/* Begin PBXFileReference section */
		5402968B283CB792000B463A /* ColorGrid.swift */ = {isa = PBXFileReference; lastKnownFileType = sourcecode.swift; path = ColorGrid.swift; sourceTree = "<group>"; };
		5402968F283CB8CA000B463A /* ColorResource.swift */ = {isa = PBXFileReference; lastKnownFileType = sourcecode.swift; path = ColorResource.swift; sourceTree = "<group>"; };
		54053F3A283E1B0500F2C60F /* Permission.swift */ = {isa = PBXFileReference; lastKnownFileType = sourcecode.swift; path = Permission.swift; sourceTree = "<group>"; };
		54053F43283E93C500F2C60F /* FireWorkView.swift */ = {isa = PBXFileReference; lastKnownFileType = sourcecode.swift; path = FireWorkView.swift; sourceTree = "<group>"; };
		5425EEA928448F2700C312CA /* SubscriptionView+ViewModel.swift */ = {isa = PBXFileReference; lastKnownFileType = sourcecode.swift; path = "SubscriptionView+ViewModel.swift"; sourceTree = "<group>"; };
		5425EEAC28448FB400C312CA /* SubscriptionCell.swift */ = {isa = PBXFileReference; lastKnownFileType = sourcecode.swift; path = SubscriptionCell.swift; sourceTree = "<group>"; };
		542E8AF8283A986400D6D7D4 /* LogoView.swift */ = {isa = PBXFileReference; lastKnownFileType = sourcecode.swift; path = LogoView.swift; sourceTree = "<group>"; };
		542E8AFB283A987200D6D7D4 /* WheelView.swift */ = {isa = PBXFileReference; lastKnownFileType = sourcecode.swift; path = WheelView.swift; sourceTree = "<group>"; };
		542E8AFE283AA73700D6D7D4 /* BigBanView.swift */ = {isa = PBXFileReference; lastKnownFileType = sourcecode.swift; path = BigBanView.swift; sourceTree = "<group>"; };
		542E8B01283AAD1E00D6D7D4 /* BridgeView.swift */ = {isa = PBXFileReference; lastKnownFileType = sourcecode.swift; path = BridgeView.swift; sourceTree = "<group>"; };
		542E8B04283AAD2800D6D7D4 /* EggView.swift */ = {isa = PBXFileReference; lastKnownFileType = sourcecode.swift; path = EggView.swift; sourceTree = "<group>"; };
		542E8B07283AAD5400D6D7D4 /* CastleView.swift */ = {isa = PBXFileReference; lastKnownFileType = sourcecode.swift; path = CastleView.swift; sourceTree = "<group>"; };
		542E8B0A283AAD6000D6D7D4 /* MuseumView.swift */ = {isa = PBXFileReference; lastKnownFileType = sourcecode.swift; path = MuseumView.swift; sourceTree = "<group>"; };
		542E8B0D283AB3BA00D6D7D4 /* SkyScraperView.swift */ = {isa = PBXFileReference; lastKnownFileType = sourcecode.swift; path = SkyScraperView.swift; sourceTree = "<group>"; };
		54590B3328361DAA00214713 /* InAppPurchaseManager.swift */ = {isa = PBXFileReference; lastKnownFileType = sourcecode.swift; path = InAppPurchaseManager.swift; sourceTree = "<group>"; };
		54590B37283650DE00214713 /* ShareActivityView.swift */ = {isa = PBXFileReference; lastKnownFileType = sourcecode.swift; path = ShareActivityView.swift; sourceTree = "<group>"; };
		54832C8C283FD31B0013E961 /* InviteFriendPromtView.swift */ = {isa = PBXFileReference; lastKnownFileType = sourcecode.swift; path = InviteFriendPromtView.swift; sourceTree = "<group>"; };
		5494821E282E1635009DAB25 /* Image+File.swift */ = {isa = PBXFileReference; lastKnownFileType = sourcecode.swift; path = "Image+File.swift"; sourceTree = "<group>"; };
		54948220282E19E4009DAB25 /* AppDelegate_iOS.swift */ = {isa = PBXFileReference; lastKnownFileType = sourcecode.swift; path = AppDelegate_iOS.swift; sourceTree = "<group>"; };
		54948222282E1B5B009DAB25 /* AppDelegate_macOS.swift */ = {isa = PBXFileReference; lastKnownFileType = sourcecode.swift; path = AppDelegate_macOS.swift; sourceTree = "<group>"; };
		54948226282E1D38009DAB25 /* AppSettings.swift */ = {isa = PBXFileReference; lastKnownFileType = sourcecode.swift; path = AppSettings.swift; sourceTree = "<group>"; };
		54948239282E270D009DAB25 /* Lesson */ = {isa = PBXFileReference; lastKnownFileType = folder; path = Lesson; sourceTree = "<group>"; };
		5494823C282E5BA2009DAB25 /* WordCell.swift */ = {isa = PBXFileReference; lastKnownFileType = sourcecode.swift; path = WordCell.swift; sourceTree = "<group>"; };
		54948240282E6444009DAB25 /* Game.swift */ = {isa = PBXFileReference; lastKnownFileType = sourcecode.swift; path = Game.swift; sourceTree = "<group>"; };
		54948243282E6681009DAB25 /* RandomGenerator.swift */ = {isa = PBXFileReference; lastKnownFileType = sourcecode.swift; path = RandomGenerator.swift; sourceTree = "<group>"; };
		54948246282E76C5009DAB25 /* TimeInterval+Format.swift */ = {isa = PBXFileReference; lastKnownFileType = sourcecode.swift; path = "TimeInterval+Format.swift"; sourceTree = "<group>"; };
		54948277282F8198009DAB25 /* HeartSlotView.swift */ = {isa = PBXFileReference; lastKnownFileType = sourcecode.swift; path = HeartSlotView.swift; sourceTree = "<group>"; };
		5494827A282FA576009DAB25 /* CenteredGridLayout.swift */ = {isa = PBXFileReference; lastKnownFileType = sourcecode.swift; path = CenteredGridLayout.swift; sourceTree = "<group>"; };
		54B638AE2834A30200C8C87A /* ProgressResource.swift */ = {isa = PBXFileReference; lastKnownFileType = sourcecode.swift; path = ProgressResource.swift; sourceTree = "<group>"; };
		54B638B52834A4DB00C8C87A /* Progress.swift */ = {isa = PBXFileReference; lastKnownFileType = sourcecode.swift; path = Progress.swift; sourceTree = "<group>"; };
		54B638B92834CBBE00C8C87A /* SubscriptionResource.swift */ = {isa = PBXFileReference; lastKnownFileType = sourcecode.swift; path = SubscriptionResource.swift; sourceTree = "<group>"; };
		54B638BD2834CDED00C8C87A /* PermisionResource.swift */ = {isa = PBXFileReference; lastKnownFileType = sourcecode.swift; path = PermisionResource.swift; sourceTree = "<group>"; };
		54B638C72834DA6300C8C87A /* ShareResource.swift */ = {isa = PBXFileReference; lastKnownFileType = sourcecode.swift; path = ShareResource.swift; sourceTree = "<group>"; };
		54B638CB2835012100C8C87A /* MoreView.swift */ = {isa = PBXFileReference; lastKnownFileType = sourcecode.swift; path = MoreView.swift; sourceTree = "<group>"; };
		54B638CE2835017100C8C87A /* MoreView+ViewModel.swift */ = {isa = PBXFileReference; lastKnownFileType = sourcecode.swift; path = "MoreView+ViewModel.swift"; sourceTree = "<group>"; };
		54B638D428351C0F00C8C87A /* CheckView.swift */ = {isa = PBXFileReference; lastKnownFileType = sourcecode.swift; path = CheckView.swift; sourceTree = "<group>"; };
		54B638D728351C1C00C8C87A /* CrossView.swift */ = {isa = PBXFileReference; lastKnownFileType = sourcecode.swift; path = CrossView.swift; sourceTree = "<group>"; };
		54B9E78E28324348001F3D6B /* OpenGameTransaction.swift */ = {isa = PBXFileReference; lastKnownFileType = sourcecode.swift; path = OpenGameTransaction.swift; sourceTree = "<group>"; };
		54B9E79128326D35001F3D6B /* AudioResource.swift */ = {isa = PBXFileReference; lastKnownFileType = sourcecode.swift; path = AudioResource.swift; sourceTree = "<group>"; };
		54B9E79428326E0E001F3D6B /* Sound */ = {isa = PBXFileReference; lastKnownFileType = folder; path = Sound; sourceTree = "<group>"; };
		54B9E798283270CE001F3D6B /* URL+FileName.swift */ = {isa = PBXFileReference; lastKnownFileType = sourcecode.swift; path = "URL+FileName.swift"; sourceTree = "<group>"; };
		54B9E79B28327EC0001F3D6B /* Music */ = {isa = PBXFileReference; lastKnownFileType = folder; path = Music; sourceTree = "<group>"; };
		54CBAD4D2840969D00B05333 /* replicas.json */ = {isa = PBXFileReference; fileEncoding = 4; lastKnownFileType = text.json; path = replicas.json; sourceTree = "<group>"; };
		54CBAD51284096C300B05333 /* ReplicaSource.swift */ = {isa = PBXFileReference; lastKnownFileType = sourcecode.swift; path = ReplicaSource.swift; sourceTree = "<group>"; };
		54CBAD5428409BDE00B05333 /* Replica.swift */ = {isa = PBXFileReference; lastKnownFileType = sourcecode.swift; path = Replica.swift; sourceTree = "<group>"; };
		54CBAD582840C0C000B05333 /* SubscriptionView.swift */ = {isa = PBXFileReference; lastKnownFileType = sourcecode.swift; path = SubscriptionView.swift; sourceTree = "<group>"; };
		54DADB202830CABC005BDE65 /* PressAction.swift */ = {isa = PBXFileReference; lastKnownFileType = sourcecode.swift; path = PressAction.swift; sourceTree = "<group>"; };
		54DADB242830DB34005BDE65 /* WordCell+ViewModel.swift */ = {isa = PBXFileReference; lastKnownFileType = sourcecode.swift; path = "WordCell+ViewModel.swift"; sourceTree = "<group>"; };
		54E349AA282D08BF0059AFD0 /* EnglishGameTimeApp.swift */ = {isa = PBXFileReference; lastKnownFileType = sourcecode.swift; path = EnglishGameTimeApp.swift; sourceTree = "<group>"; };
		54E349AB282D08BF0059AFD0 /* ContentView.swift */ = {isa = PBXFileReference; lastKnownFileType = sourcecode.swift; path = ContentView.swift; sourceTree = "<group>"; };
		54E349AC282D08C10059AFD0 /* Assets.xcassets */ = {isa = PBXFileReference; lastKnownFileType = folder.assetcatalog; path = Assets.xcassets; sourceTree = "<group>"; };
		54E349B1282D08C10059AFD0 /* BigBanEng.app */ = {isa = PBXFileReference; explicitFileType = wrapper.application; includeInIndex = 0; path = BigBanEng.app; sourceTree = BUILT_PRODUCTS_DIR; };
		54E349B7282D08C10059AFD0 /* BigBanEng.app */ = {isa = PBXFileReference; explicitFileType = wrapper.application; includeInIndex = 0; path = BigBanEng.app; sourceTree = BUILT_PRODUCTS_DIR; };
		54E349B9282D08C10059AFD0 /* macOS.entitlements */ = {isa = PBXFileReference; lastKnownFileType = text.plist.entitlements; path = macOS.entitlements; sourceTree = "<group>"; };
		54E349C9282D08F90059AFD0 /* MainView.swift */ = {isa = PBXFileReference; lastKnownFileType = sourcecode.swift; path = MainView.swift; sourceTree = "<group>"; };
		54E349CB282D0A9E0059AFD0 /* MainView+ViewModel.swift */ = {isa = PBXFileReference; lastKnownFileType = sourcecode.swift; path = "MainView+ViewModel.swift"; sourceTree = "<group>"; };
		54E349D0282D0B0F0059AFD0 /* GameView.swift */ = {isa = PBXFileReference; lastKnownFileType = sourcecode.swift; path = GameView.swift; sourceTree = "<group>"; };
		54E349D3282D0CF20059AFD0 /* LessonResource.swift */ = {isa = PBXFileReference; lastKnownFileType = sourcecode.swift; path = LessonResource.swift; sourceTree = "<group>"; };
		54E349D6282D0D190059AFD0 /* Lesson.swift */ = {isa = PBXFileReference; lastKnownFileType = sourcecode.swift; path = Lesson.swift; sourceTree = "<group>"; };
		54E349DA282D0E190059AFD0 /* Word.swift */ = {isa = PBXFileReference; lastKnownFileType = sourcecode.swift; path = Word.swift; sourceTree = "<group>"; };
		54E349E8282D1DB90059AFD0 /* GameView+ViewModel.swift */ = {isa = PBXFileReference; lastKnownFileType = sourcecode.swift; path = "GameView+ViewModel.swift"; sourceTree = "<group>"; };
		54E349EB282D25C90059AFD0 /* LessonCell.swift */ = {isa = PBXFileReference; lastKnownFileType = sourcecode.swift; path = LessonCell.swift; sourceTree = "<group>"; };
		54F8A01E283B612E0037E931 /* CGPoint.swift */ = {isa = PBXFileReference; lastKnownFileType = sourcecode.swift; path = CGPoint.swift; sourceTree = "<group>"; };
		54F8A021283B95820037E931 /* ImpactGenerator.swift */ = {isa = PBXFileReference; lastKnownFileType = sourcecode.swift; path = ImpactGenerator.swift; sourceTree = "<group>"; };
		54F8A026283BABC80037E931 /* RateResource.swift */ = {isa = PBXFileReference; lastKnownFileType = sourcecode.swift; path = RateResource.swift; sourceTree = "<group>"; };
		54F8A029283BC3B40037E931 /* ProgressBarView.swift */ = {isa = PBXFileReference; lastKnownFileType = sourcecode.swift; path = ProgressBarView.swift; sourceTree = "<group>"; };
		54F8A02C283C05850037E931 /* GeometryProxy.swift */ = {isa = PBXFileReference; lastKnownFileType = sourcecode.swift; path = GeometryProxy.swift; sourceTree = "<group>"; };
/* End PBXFileReference section */

/* Begin PBXFrameworksBuildPhase section */
		54E349AE282D08C10059AFD0 /* Frameworks */ = {
			isa = PBXFrameworksBuildPhase;
			buildActionMask = 2147483647;
			files = (
			);
			runOnlyForDeploymentPostprocessing = 0;
		};
		54E349B4282D08C10059AFD0 /* Frameworks */ = {
			isa = PBXFrameworksBuildPhase;
			buildActionMask = 2147483647;
			files = (
			);
			runOnlyForDeploymentPostprocessing = 0;
		};
/* End PBXFrameworksBuildPhase section */

/* Begin PBXGroup section */
		5402968E283CB8BB000B463A /* Color */ = {
			isa = PBXGroup;
			children = (
				5402968F283CB8CA000B463A /* ColorResource.swift */,
			);
			path = Color;
			sourceTree = "<group>";
		};
		542E8AF7283A983500D6D7D4 /* Logo */ = {
			isa = PBXGroup;
			children = (
				542E8AF8283A986400D6D7D4 /* LogoView.swift */,
				542E8AFB283A987200D6D7D4 /* WheelView.swift */,
				542E8AFE283AA73700D6D7D4 /* BigBanView.swift */,
				542E8B01283AAD1E00D6D7D4 /* BridgeView.swift */,
				542E8B04283AAD2800D6D7D4 /* EggView.swift */,
				542E8B07283AAD5400D6D7D4 /* CastleView.swift */,
				542E8B0A283AAD6000D6D7D4 /* MuseumView.swift */,
				542E8B0D283AB3BA00D6D7D4 /* SkyScraperView.swift */,
			);
			path = Logo;
			sourceTree = "<group>";
		};
		54590B362836509900214713 /* Share */ = {
			isa = PBXGroup;
			children = (
				54590B37283650DE00214713 /* ShareActivityView.swift */,
			);
			path = Share;
			sourceTree = "<group>";
		};
		5494821D282E1623009DAB25 /* Extension */ = {
			isa = PBXGroup;
			children = (
				5494821E282E1635009DAB25 /* Image+File.swift */,
				54948246282E76C5009DAB25 /* TimeInterval+Format.swift */,
				54F8A01E283B612E0037E931 /* CGPoint.swift */,
				54F8A02C283C05850037E931 /* GeometryProxy.swift */,
			);
			path = Extension;
			sourceTree = "<group>";
		};
		54948229282E1D41009DAB25 /* App */ = {
			isa = PBXGroup;
			children = (
				54E349AA282D08BF0059AFD0 /* EnglishGameTimeApp.swift */,
				54948222282E1B5B009DAB25 /* AppDelegate_macOS.swift */,
				54948220282E19E4009DAB25 /* AppDelegate_iOS.swift */,
				54948226282E1D38009DAB25 /* AppSettings.swift */,
				54E349AB282D08BF0059AFD0 /* ContentView.swift */,
			);
			path = App;
			sourceTree = "<group>";
		};
		54948276282F8153009DAB25 /* View */ = {
			isa = PBXGroup;
			children = (
				54948277282F8198009DAB25 /* HeartSlotView.swift */,
			);
			path = View;
			sourceTree = "<group>";
		};
		54B638B12834A47600C8C87A /* Audio */ = {
			isa = PBXGroup;
			children = (
				54B9E79128326D35001F3D6B /* AudioResource.swift */,
			);
			path = Audio;
			sourceTree = "<group>";
		};
		54B638B22834A48B00C8C87A /* Lesson */ = {
			isa = PBXGroup;
			children = (
				54E349D3282D0CF20059AFD0 /* LessonResource.swift */,
				54E349D6282D0D190059AFD0 /* Lesson.swift */,
			);
			path = Lesson;
			sourceTree = "<group>";
		};
		54B638B32834A49D00C8C87A /* Word */ = {
			isa = PBXGroup;
			children = (
				54E349DA282D0E190059AFD0 /* Word.swift */,
			);
			path = Word;
			sourceTree = "<group>";
		};
		54B638B42834A4B800C8C87A /* Progress */ = {
			isa = PBXGroup;
			children = (
				54B638AE2834A30200C8C87A /* ProgressResource.swift */,
				54B638B52834A4DB00C8C87A /* Progress.swift */,
			);
			path = Progress;
			sourceTree = "<group>";
		};
		54B638B82834CB9200C8C87A /* Subscription */ = {
			isa = PBXGroup;
			children = (
				54B638B92834CBBE00C8C87A /* SubscriptionResource.swift */,
				54590B3328361DAA00214713 /* InAppPurchaseManager.swift */,
			);
			path = Subscription;
			sourceTree = "<group>";
		};
		54B638BC2834CDD800C8C87A /* Permision */ = {
			isa = PBXGroup;
			children = (
				54B638BD2834CDED00C8C87A /* PermisionResource.swift */,
				54053F3A283E1B0500F2C60F /* Permission.swift */,
			);
			path = Permision;
			sourceTree = "<group>";
		};
		54B638C62834D8C900C8C87A /* Share */ = {
			isa = PBXGroup;
			children = (
				54B638C72834DA6300C8C87A /* ShareResource.swift */,
			);
			path = Share;
			sourceTree = "<group>";
		};
		54B638CA2835010700C8C87A /* More */ = {
			isa = PBXGroup;
			children = (
				54B638CB2835012100C8C87A /* MoreView.swift */,
				54B638CE2835017100C8C87A /* MoreView+ViewModel.swift */,
			);
			path = More;
			sourceTree = "<group>";
		};
		54B9E797283270BC001F3D6B /* Extension */ = {
			isa = PBXGroup;
			children = (
				54B9E798283270CE001F3D6B /* URL+FileName.swift */,
			);
			path = Extension;
			sourceTree = "<group>";
		};
		54CBAD50284096B300B05333 /* Replica */ = {
			isa = PBXGroup;
			children = (
				54CBAD51284096C300B05333 /* ReplicaSource.swift */,
				54CBAD5428409BDE00B05333 /* Replica.swift */,
			);
			path = Replica;
			sourceTree = "<group>";
		};
		54CBAD572840C08000B05333 /* Subscription */ = {
			isa = PBXGroup;
			children = (
				54CBAD582840C0C000B05333 /* SubscriptionView.swift */,
				5425EEA928448F2700C312CA /* SubscriptionView+ViewModel.swift */,
				5425EEAC28448FB400C312CA /* SubscriptionCell.swift */,
			);
			path = Subscription;
			sourceTree = "<group>";
		};
		54DADB1F2830CAAA005BDE65 /* Modifier */ = {
			isa = PBXGroup;
			children = (
				54DADB202830CABC005BDE65 /* PressAction.swift */,
				54F8A021283B95820037E931 /* ImpactGenerator.swift */,
			);
			path = Modifier;
			sourceTree = "<group>";
		};
		54DADB232830DB1A005BDE65 /* Word */ = {
			isa = PBXGroup;
			children = (
				5494823C282E5BA2009DAB25 /* WordCell.swift */,
				54DADB242830DB34005BDE65 /* WordCell+ViewModel.swift */,
				54B638D428351C0F00C8C87A /* CheckView.swift */,
				54B638D728351C1C00C8C87A /* CrossView.swift */,
			);
			path = Word;
			sourceTree = "<group>";
		};
		54E349A4282D08BF0059AFD0 = {
			isa = PBXGroup;
			children = (
				54E349A9282D08BF0059AFD0 /* Shared */,
				54E349B8282D08C10059AFD0 /* macOS */,
				54E349B2282D08C10059AFD0 /* Products */,
			);
			sourceTree = "<group>";
		};
		54E349A9282D08BF0059AFD0 /* Shared */ = {
			isa = PBXGroup;
			children = (
				54CBAD4D2840969D00B05333 /* replicas.json */,
				54B9E79B28327EC0001F3D6B /* Music */,
				54B9E79428326E0E001F3D6B /* Sound */,
				54948239282E270D009DAB25 /* Lesson */,
				54E349D9282D0D1C0059AFD0 /* Service */,
				54948276282F8153009DAB25 /* View */,
				54E349C8282D08E50059AFD0 /* Screen */,
				54948229282E1D41009DAB25 /* App */,
				54E349AC282D08C10059AFD0 /* Assets.xcassets */,
			);
			path = Shared;
			sourceTree = "<group>";
		};
		54E349B2282D08C10059AFD0 /* Products */ = {
			isa = PBXGroup;
			children = (
				54E349B1282D08C10059AFD0 /* BigBanEng.app */,
				54E349B7282D08C10059AFD0 /* BigBanEng.app */,
			);
			name = Products;
			sourceTree = "<group>";
		};
		54E349B8282D08C10059AFD0 /* macOS */ = {
			isa = PBXGroup;
			children = (
				54E349B9282D08C10059AFD0 /* macOS.entitlements */,
			);
			path = macOS;
			sourceTree = "<group>";
		};
		54E349C8282D08E50059AFD0 /* Screen */ = {
			isa = PBXGroup;
			children = (
				54B638CA2835010700C8C87A /* More */,
				54DADB1F2830CAAA005BDE65 /* Modifier */,
				5494821D282E1623009DAB25 /* Extension */,
				54E349CF282D0ADA0059AFD0 /* Game */,
				54E349CE282D0AD00059AFD0 /* Main */,
			);
			path = Screen;
			sourceTree = "<group>";
		};
		54E349CE282D0AD00059AFD0 /* Main */ = {
			isa = PBXGroup;
			children = (
				54CBAD572840C08000B05333 /* Subscription */,
				542E8AF7283A983500D6D7D4 /* Logo */,
				54590B362836509900214713 /* Share */,
				54E349C9282D08F90059AFD0 /* MainView.swift */,
				54E349CB282D0A9E0059AFD0 /* MainView+ViewModel.swift */,
				54E349EB282D25C90059AFD0 /* LessonCell.swift */,
				54B9E78E28324348001F3D6B /* OpenGameTransaction.swift */,
				5402968B283CB792000B463A /* ColorGrid.swift */,
				54832C8C283FD31B0013E961 /* InviteFriendPromtView.swift */,
			);
			path = Main;
			sourceTree = "<group>";
		};
		54E349CF282D0ADA0059AFD0 /* Game */ = {
			isa = PBXGroup;
			children = (
				54DADB232830DB1A005BDE65 /* Word */,
				54E349D0282D0B0F0059AFD0 /* GameView.swift */,
				54E349E8282D1DB90059AFD0 /* GameView+ViewModel.swift */,
				54948240282E6444009DAB25 /* Game.swift */,
				54948243282E6681009DAB25 /* RandomGenerator.swift */,
				5494827A282FA576009DAB25 /* CenteredGridLayout.swift */,
				54F8A029283BC3B40037E931 /* ProgressBarView.swift */,
				54053F43283E93C500F2C60F /* FireWorkView.swift */,
			);
			path = Game;
			sourceTree = "<group>";
		};
		54E349D9282D0D1C0059AFD0 /* Service */ = {
			isa = PBXGroup;
			children = (
				54CBAD50284096B300B05333 /* Replica */,
				5402968E283CB8BB000B463A /* Color */,
				54F8A024283BAB8F0037E931 /* Store */,
				54B638BC2834CDD800C8C87A /* Permision */,
				54B638B12834A47600C8C87A /* Audio */,
				54B638B22834A48B00C8C87A /* Lesson */,
				54B638B42834A4B800C8C87A /* Progress */,
				54B638B32834A49D00C8C87A /* Word */,
				54B9E797283270BC001F3D6B /* Extension */,
			);
			path = Service;
			sourceTree = "<group>";
		};
		54F8A024283BAB8F0037E931 /* Store */ = {
			isa = PBXGroup;
			children = (
				54F8A025283BABB20037E931 /* Rating */,
				54B638B82834CB9200C8C87A /* Subscription */,
				54B638C62834D8C900C8C87A /* Share */,
			);
			path = Store;
			sourceTree = "<group>";
		};
		54F8A025283BABB20037E931 /* Rating */ = {
			isa = PBXGroup;
			children = (
				54F8A026283BABC80037E931 /* RateResource.swift */,
			);
			path = Rating;
			sourceTree = "<group>";
		};
/* End PBXGroup section */

/* Begin PBXNativeTarget section */
		54E349B0282D08C10059AFD0 /* BigBanEng (iOS) */ = {
			isa = PBXNativeTarget;
			buildConfigurationList = 54E349C2282D08C10059AFD0 /* Build configuration list for PBXNativeTarget "BigBanEng (iOS)" */;
			buildPhases = (
				54E349AD282D08C10059AFD0 /* Sources */,
				54E349AE282D08C10059AFD0 /* Frameworks */,
				54E349AF282D08C10059AFD0 /* Resources */,
			);
			buildRules = (
			);
			dependencies = (
			);
			name = "BigBanEng (iOS)";
			productName = "EnglishGameTime (iOS)";
			productReference = 54E349B1282D08C10059AFD0 /* BigBanEng.app */;
			productType = "com.apple.product-type.application";
		};
		54E349B6282D08C10059AFD0 /* BigBanEng (macOS) */ = {
			isa = PBXNativeTarget;
			buildConfigurationList = 54E349C5282D08C10059AFD0 /* Build configuration list for PBXNativeTarget "BigBanEng (macOS)" */;
			buildPhases = (
				54E349B3282D08C10059AFD0 /* Sources */,
				54E349B4282D08C10059AFD0 /* Frameworks */,
				54E349B5282D08C10059AFD0 /* Resources */,
			);
			buildRules = (
			);
			dependencies = (
			);
			name = "BigBanEng (macOS)";
			productName = "EnglishGameTime (macOS)";
			productReference = 54E349B7282D08C10059AFD0 /* BigBanEng.app */;
			productType = "com.apple.product-type.application";
		};
/* End PBXNativeTarget section */

/* Begin PBXProject section */
		54E349A5282D08BF0059AFD0 /* Project object */ = {
			isa = PBXProject;
			attributes = {
				BuildIndependentTargetsInParallel = 1;
				LastSwiftUpdateCheck = 1330;
				LastUpgradeCheck = 1330;
				TargetAttributes = {
					54E349B0282D08C10059AFD0 = {
						CreatedOnToolsVersion = 13.3;
					};
					54E349B6282D08C10059AFD0 = {
						CreatedOnToolsVersion = 13.3;
					};
				};
			};
			buildConfigurationList = 54E349A8282D08BF0059AFD0 /* Build configuration list for PBXProject "BigBanEng" */;
			compatibilityVersion = "Xcode 13.0";
			developmentRegion = en;
			hasScannedForEncodings = 0;
			knownRegions = (
				en,
				Base,
			);
			mainGroup = 54E349A4282D08BF0059AFD0;
			productRefGroup = 54E349B2282D08C10059AFD0 /* Products */;
			projectDirPath = "";
			projectRoot = "";
			targets = (
				54E349B0282D08C10059AFD0 /* BigBanEng (iOS) */,
				54E349B6282D08C10059AFD0 /* BigBanEng (macOS) */,
			);
		};
/* End PBXProject section */

/* Begin PBXResourcesBuildPhase section */
		54E349AF282D08C10059AFD0 /* Resources */ = {
			isa = PBXResourcesBuildPhase;
			buildActionMask = 2147483647;
			files = (
				54B9E79528326E0E001F3D6B /* Sound in Resources */,
				5494823A282E270D009DAB25 /* Lesson in Resources */,
				54CBAD4E2840969D00B05333 /* replicas.json in Resources */,
				54B9E79C28327EC0001F3D6B /* Music in Resources */,
				54E349BE282D08C10059AFD0 /* Assets.xcassets in Resources */,
			);
			runOnlyForDeploymentPostprocessing = 0;
		};
		54E349B5282D08C10059AFD0 /* Resources */ = {
			isa = PBXResourcesBuildPhase;
			buildActionMask = 2147483647;
			files = (
				54B9E79628326E0E001F3D6B /* Sound in Resources */,
				5494823B282E270D009DAB25 /* Lesson in Resources */,
				54CBAD4F2840969D00B05333 /* replicas.json in Resources */,
				54B9E79D28327EC0001F3D6B /* Music in Resources */,
				54E349BF282D08C10059AFD0 /* Assets.xcassets in Resources */,
			);
			runOnlyForDeploymentPostprocessing = 0;
		};
/* End PBXResourcesBuildPhase section */

/* Begin PBXSourcesBuildPhase section */
		54E349AD282D08C10059AFD0 /* Sources */ = {
			isa = PBXSourcesBuildPhase;
			buildActionMask = 2147483647;
			files = (
				54948227282E1D38009DAB25 /* AppSettings.swift in Sources */,
				54948241282E6444009DAB25 /* Game.swift in Sources */,
				542E8B08283AAD5400D6D7D4 /* CastleView.swift in Sources */,
				542E8AFC283A987200D6D7D4 /* WheelView.swift in Sources */,
				54E349BC282D08C10059AFD0 /* ContentView.swift in Sources */,
				54053F44283E93C500F2C60F /* FireWorkView.swift in Sources */,
				54948247282E76C5009DAB25 /* TimeInterval+Format.swift in Sources */,
				54CBAD52284096C300B05333 /* ReplicaSource.swift in Sources */,
				54E349DB282D0E190059AFD0 /* Word.swift in Sources */,
				54B638B62834A4DB00C8C87A /* Progress.swift in Sources */,
				54B9E78F28324348001F3D6B /* OpenGameTransaction.swift in Sources */,
				54029690283CB8CA000B463A /* ColorResource.swift in Sources */,
				54DADB212830CABC005BDE65 /* PressAction.swift in Sources */,
				54B638C82834DA6300C8C87A /* ShareResource.swift in Sources */,
				54B9E799283270CE001F3D6B /* URL+FileName.swift in Sources */,
				54590B38283650DE00214713 /* ShareActivityView.swift in Sources */,
				542E8B05283AAD2800D6D7D4 /* EggView.swift in Sources */,
				54F8A02D283C05850037E931 /* GeometryProxy.swift in Sources */,
				54B638BE2834CDED00C8C87A /* PermisionResource.swift in Sources */,
				54CBAD5528409BDE00B05333 /* Replica.swift in Sources */,
				542E8AFF283AA73700D6D7D4 /* BigBanView.swift in Sources */,
				54948221282E19E4009DAB25 /* AppDelegate_iOS.swift in Sources */,
				54948278282F8198009DAB25 /* HeartSlotView.swift in Sources */,
				54E349D4282D0CF20059AFD0 /* LessonResource.swift in Sources */,
				54DADB252830DB34005BDE65 /* WordCell+ViewModel.swift in Sources */,
				542E8B02283AAD1E00D6D7D4 /* BridgeView.swift in Sources */,
				54E349EC282D25C90059AFD0 /* LessonCell.swift in Sources */,
				54B638BA2834CBBE00C8C87A /* SubscriptionResource.swift in Sources */,
				54E349CA282D08F90059AFD0 /* MainView.swift in Sources */,
				54F8A027283BABC80037E931 /* RateResource.swift in Sources */,
				54948244282E6681009DAB25 /* RandomGenerator.swift in Sources */,
				542E8B0E283AB3BA00D6D7D4 /* SkyScraperView.swift in Sources */,
				54E349CC282D0A9E0059AFD0 /* MainView+ViewModel.swift in Sources */,
				54CBAD592840C0C000B05333 /* SubscriptionView.swift in Sources */,
				5494827B282FA576009DAB25 /* CenteredGridLayout.swift in Sources */,
				54053F3B283E1B0500F2C60F /* Permission.swift in Sources */,
				54E349E9282D1DB90059AFD0 /* GameView+ViewModel.swift in Sources */,
				54E349BA282D08C10059AFD0 /* EnglishGameTimeApp.swift in Sources */,
				54832C8D283FD31B0013E961 /* InviteFriendPromtView.swift in Sources */,
				542E8B0B283AAD6000D6D7D4 /* MuseumView.swift in Sources */,
				54E349D7282D0D190059AFD0 /* Lesson.swift in Sources */,
				54B638D828351C1C00C8C87A /* CrossView.swift in Sources */,
				54B9E79228326D35001F3D6B /* AudioResource.swift in Sources */,
				54E349D1282D0B0F0059AFD0 /* GameView.swift in Sources */,
				54F8A02A283BC3B40037E931 /* ProgressBarView.swift in Sources */,
				5425EEAA28448F2700C312CA /* SubscriptionView+ViewModel.swift in Sources */,
				54F8A01F283B612E0037E931 /* CGPoint.swift in Sources */,
				5494821F282E1635009DAB25 /* Image+File.swift in Sources */,
				54590B3428361DAA00214713 /* InAppPurchaseManager.swift in Sources */,
				54B638CF2835017100C8C87A /* MoreView+ViewModel.swift in Sources */,
				5425EEAD28448FB400C312CA /* SubscriptionCell.swift in Sources */,
				5494823D282E5BA2009DAB25 /* WordCell.swift in Sources */,
				5402968C283CB792000B463A /* ColorGrid.swift in Sources */,
				54B638CC2835012100C8C87A /* MoreView.swift in Sources */,
				54F8A022283B95820037E931 /* ImpactGenerator.swift in Sources */,
				54B638AF2834A30200C8C87A /* ProgressResource.swift in Sources */,
				542E8AF9283A986400D6D7D4 /* LogoView.swift in Sources */,
				54B638D528351C0F00C8C87A /* CheckView.swift in Sources */,
			);
			runOnlyForDeploymentPostprocessing = 0;
		};
		54E349B3282D08C10059AFD0 /* Sources */ = {
			isa = PBXSourcesBuildPhase;
			buildActionMask = 2147483647;
			files = (
				5494821C282E160C009DAB25 /* MainView.swift in Sources */,
				54948242282E6444009DAB25 /* Game.swift in Sources */,
				542E8B09283AAD5400D6D7D4 /* CastleView.swift in Sources */,
				542E8AFD283A987200D6D7D4 /* WheelView.swift in Sources */,
				54E349CD282D0AA00059AFD0 /* MainView+ViewModel.swift in Sources */,
				54053F45283E93C500F2C60F /* FireWorkView.swift in Sources */,
				54948248282E76C5009DAB25 /* TimeInterval+Format.swift in Sources */,
				54CBAD53284096C300B05333 /* ReplicaSource.swift in Sources */,
				5494823E282E5BA2009DAB25 /* WordCell.swift in Sources */,
				54B638B72834A4DB00C8C87A /* Progress.swift in Sources */,
				54B9E79028324348001F3D6B /* OpenGameTransaction.swift in Sources */,
				54029691283CB8CA000B463A /* ColorResource.swift in Sources */,
				54DADB222830CABC005BDE65 /* PressAction.swift in Sources */,
				54B638C92834DA6300C8C87A /* ShareResource.swift in Sources */,
				54B9E79A283270CE001F3D6B /* URL+FileName.swift in Sources */,
				54590B39283650DE00214713 /* ShareActivityView.swift in Sources */,
				542E8B06283AAD2800D6D7D4 /* EggView.swift in Sources */,
				54F8A02E283C05850037E931 /* GeometryProxy.swift in Sources */,
				54B638BF2834CDED00C8C87A /* PermisionResource.swift in Sources */,
				54CBAD5628409BDE00B05333 /* Replica.swift in Sources */,
				542E8B00283AA73700D6D7D4 /* BigBanView.swift in Sources */,
				54948228282E1D38009DAB25 /* AppSettings.swift in Sources */,
				54948279282F8198009DAB25 /* HeartSlotView.swift in Sources */,
				54E349DC282D0E190059AFD0 /* Word.swift in Sources */,
				54DADB262830DB34005BDE65 /* WordCell+ViewModel.swift in Sources */,
				542E8B03283AAD1E00D6D7D4 /* BridgeView.swift in Sources */,
				54E349D5282D0CF20059AFD0 /* LessonResource.swift in Sources */,
				54B638BB2834CBBE00C8C87A /* SubscriptionResource.swift in Sources */,
				54E349BD282D08C10059AFD0 /* ContentView.swift in Sources */,
				54F8A028283BABC80037E931 /* RateResource.swift in Sources */,
				54948245282E6681009DAB25 /* RandomGenerator.swift in Sources */,
				542E8B0F283AB3BA00D6D7D4 /* SkyScraperView.swift in Sources */,
				54E349ED282D25C90059AFD0 /* LessonCell.swift in Sources */,
				54CBAD5A2840C0C000B05333 /* SubscriptionView.swift in Sources */,
				5494827C282FA576009DAB25 /* CenteredGridLayout.swift in Sources */,
				54053F3C283E1B0500F2C60F /* Permission.swift in Sources */,
				54E349D8282D0D190059AFD0 /* Lesson.swift in Sources */,
				54E349D2282D0B0F0059AFD0 /* GameView.swift in Sources */,
				54832C8E283FD31B0013E961 /* InviteFriendPromtView.swift in Sources */,
				542E8B0C283AAD6000D6D7D4 /* MuseumView.swift in Sources */,
				54E349BB282D08C10059AFD0 /* EnglishGameTimeApp.swift in Sources */,
				54B638D928351C1C00C8C87A /* CrossView.swift in Sources */,
				54B9E79328326D35001F3D6B /* AudioResource.swift in Sources */,
				54E349EA282D1DB90059AFD0 /* GameView+ViewModel.swift in Sources */,
				54F8A02B283BC3B40037E931 /* ProgressBarView.swift in Sources */,
				5425EEAB28448F2700C312CA /* SubscriptionView+ViewModel.swift in Sources */,
				54F8A020283B612E0037E931 /* CGPoint.swift in Sources */,
				54948224282E1C1A009DAB25 /* AppDelegate_macOS.swift in Sources */,
				54590B3528361DAA00214713 /* InAppPurchaseManager.swift in Sources */,
				54B638D02835017100C8C87A /* MoreView+ViewModel.swift in Sources */,
				5425EEAE28448FB400C312CA /* SubscriptionCell.swift in Sources */,
				5494823F282E61DB009DAB25 /* Image+File.swift in Sources */,
				5402968D283CB792000B463A /* ColorGrid.swift in Sources */,
				54B638CD2835012100C8C87A /* MoreView.swift in Sources */,
				54F8A023283B95820037E931 /* ImpactGenerator.swift in Sources */,
				54B638B02834A30200C8C87A /* ProgressResource.swift in Sources */,
				542E8AFA283A986400D6D7D4 /* LogoView.swift in Sources */,
				54B638D628351C0F00C8C87A /* CheckView.swift in Sources */,
			);
			runOnlyForDeploymentPostprocessing = 0;
		};
/* End PBXSourcesBuildPhase section */

/* Begin XCBuildConfiguration section */
		54E349C0282D08C10059AFD0 /* Debug */ = {
			isa = XCBuildConfiguration;
			buildSettings = {
				ALWAYS_SEARCH_USER_PATHS = NO;
				CLANG_ANALYZER_NONNULL = YES;
				CLANG_ANALYZER_NUMBER_OBJECT_CONVERSION = YES_AGGRESSIVE;
				CLANG_CXX_LANGUAGE_STANDARD = "gnu++17";
				CLANG_ENABLE_MODULES = YES;
				CLANG_ENABLE_OBJC_ARC = YES;
				CLANG_ENABLE_OBJC_WEAK = YES;
				CLANG_WARN_BLOCK_CAPTURE_AUTORELEASING = YES;
				CLANG_WARN_BOOL_CONVERSION = YES;
				CLANG_WARN_COMMA = YES;
				CLANG_WARN_CONSTANT_CONVERSION = YES;
				CLANG_WARN_DEPRECATED_OBJC_IMPLEMENTATIONS = YES;
				CLANG_WARN_DIRECT_OBJC_ISA_USAGE = YES_ERROR;
				CLANG_WARN_DOCUMENTATION_COMMENTS = YES;
				CLANG_WARN_EMPTY_BODY = YES;
				CLANG_WARN_ENUM_CONVERSION = YES;
				CLANG_WARN_INFINITE_RECURSION = YES;
				CLANG_WARN_INT_CONVERSION = YES;
				CLANG_WARN_NON_LITERAL_NULL_CONVERSION = YES;
				CLANG_WARN_OBJC_IMPLICIT_RETAIN_SELF = YES;
				CLANG_WARN_OBJC_LITERAL_CONVERSION = YES;
				CLANG_WARN_OBJC_ROOT_CLASS = YES_ERROR;
				CLANG_WARN_QUOTED_INCLUDE_IN_FRAMEWORK_HEADER = YES;
				CLANG_WARN_RANGE_LOOP_ANALYSIS = YES;
				CLANG_WARN_STRICT_PROTOTYPES = YES;
				CLANG_WARN_SUSPICIOUS_MOVE = YES;
				CLANG_WARN_UNGUARDED_AVAILABILITY = YES_AGGRESSIVE;
				CLANG_WARN_UNREACHABLE_CODE = YES;
				CLANG_WARN__DUPLICATE_METHOD_MATCH = YES;
				COPY_PHASE_STRIP = NO;
				DEBUG_INFORMATION_FORMAT = dwarf;
				ENABLE_STRICT_OBJC_MSGSEND = YES;
				ENABLE_TESTABILITY = YES;
				GCC_C_LANGUAGE_STANDARD = gnu11;
				GCC_DYNAMIC_NO_PIC = NO;
				GCC_NO_COMMON_BLOCKS = YES;
				GCC_OPTIMIZATION_LEVEL = 0;
				GCC_PREPROCESSOR_DEFINITIONS = (
					"DEBUG=1",
					"$(inherited)",
				);
				GCC_WARN_64_TO_32_BIT_CONVERSION = YES;
				GCC_WARN_ABOUT_RETURN_TYPE = YES_ERROR;
				GCC_WARN_UNDECLARED_SELECTOR = YES;
				GCC_WARN_UNINITIALIZED_AUTOS = YES_AGGRESSIVE;
				GCC_WARN_UNUSED_FUNCTION = YES;
				GCC_WARN_UNUSED_VARIABLE = YES;
				MTL_ENABLE_DEBUG_INFO = INCLUDE_SOURCE;
				MTL_FAST_MATH = YES;
				ONLY_ACTIVE_ARCH = YES;
				SWIFT_ACTIVE_COMPILATION_CONDITIONS = DEBUG;
				SWIFT_OPTIMIZATION_LEVEL = "-Onone";
			};
			name = Debug;
		};
		54E349C1282D08C10059AFD0 /* Release */ = {
			isa = XCBuildConfiguration;
			buildSettings = {
				ALWAYS_SEARCH_USER_PATHS = NO;
				CLANG_ANALYZER_NONNULL = YES;
				CLANG_ANALYZER_NUMBER_OBJECT_CONVERSION = YES_AGGRESSIVE;
				CLANG_CXX_LANGUAGE_STANDARD = "gnu++17";
				CLANG_ENABLE_MODULES = YES;
				CLANG_ENABLE_OBJC_ARC = YES;
				CLANG_ENABLE_OBJC_WEAK = YES;
				CLANG_WARN_BLOCK_CAPTURE_AUTORELEASING = YES;
				CLANG_WARN_BOOL_CONVERSION = YES;
				CLANG_WARN_COMMA = YES;
				CLANG_WARN_CONSTANT_CONVERSION = YES;
				CLANG_WARN_DEPRECATED_OBJC_IMPLEMENTATIONS = YES;
				CLANG_WARN_DIRECT_OBJC_ISA_USAGE = YES_ERROR;
				CLANG_WARN_DOCUMENTATION_COMMENTS = YES;
				CLANG_WARN_EMPTY_BODY = YES;
				CLANG_WARN_ENUM_CONVERSION = YES;
				CLANG_WARN_INFINITE_RECURSION = YES;
				CLANG_WARN_INT_CONVERSION = YES;
				CLANG_WARN_NON_LITERAL_NULL_CONVERSION = YES;
				CLANG_WARN_OBJC_IMPLICIT_RETAIN_SELF = YES;
				CLANG_WARN_OBJC_LITERAL_CONVERSION = YES;
				CLANG_WARN_OBJC_ROOT_CLASS = YES_ERROR;
				CLANG_WARN_QUOTED_INCLUDE_IN_FRAMEWORK_HEADER = YES;
				CLANG_WARN_RANGE_LOOP_ANALYSIS = YES;
				CLANG_WARN_STRICT_PROTOTYPES = YES;
				CLANG_WARN_SUSPICIOUS_MOVE = YES;
				CLANG_WARN_UNGUARDED_AVAILABILITY = YES_AGGRESSIVE;
				CLANG_WARN_UNREACHABLE_CODE = YES;
				CLANG_WARN__DUPLICATE_METHOD_MATCH = YES;
				COPY_PHASE_STRIP = NO;
				DEBUG_INFORMATION_FORMAT = "dwarf-with-dsym";
				ENABLE_NS_ASSERTIONS = NO;
				ENABLE_STRICT_OBJC_MSGSEND = YES;
				GCC_C_LANGUAGE_STANDARD = gnu11;
				GCC_NO_COMMON_BLOCKS = YES;
				GCC_WARN_64_TO_32_BIT_CONVERSION = YES;
				GCC_WARN_ABOUT_RETURN_TYPE = YES_ERROR;
				GCC_WARN_UNDECLARED_SELECTOR = YES;
				GCC_WARN_UNINITIALIZED_AUTOS = YES_AGGRESSIVE;
				GCC_WARN_UNUSED_FUNCTION = YES;
				GCC_WARN_UNUSED_VARIABLE = YES;
				MTL_ENABLE_DEBUG_INFO = NO;
				MTL_FAST_MATH = YES;
				SWIFT_COMPILATION_MODE = wholemodule;
				SWIFT_OPTIMIZATION_LEVEL = "-O";
			};
			name = Release;
		};
		54E349C3282D08C10059AFD0 /* Debug */ = {
			isa = XCBuildConfiguration;
			buildSettings = {
				ASSETCATALOG_COMPILER_APPICON_NAME = AppIcon;
				ASSETCATALOG_COMPILER_GLOBAL_ACCENT_COLOR_NAME = AccentColor;
				CODE_SIGN_IDENTITY = "iPhone Developer";
				CODE_SIGN_STYLE = Manual;
				CURRENT_PROJECT_VERSION = 1;
				DEVELOPMENT_TEAM = HPV9E52JPX;
				ENABLE_PREVIEWS = YES;
				GENERATE_INFOPLIST_FILE = YES;
				INFOPLIST_KEY_UIApplicationSceneManifest_Generation = YES;
				INFOPLIST_KEY_UIApplicationSupportsIndirectInputEvents = YES;
				INFOPLIST_KEY_UILaunchScreen_Generation = YES;
				INFOPLIST_KEY_UISupportedInterfaceOrientations_iPad = "UIInterfaceOrientationPortrait UIInterfaceOrientationPortraitUpsideDown UIInterfaceOrientationLandscapeLeft UIInterfaceOrientationLandscapeRight";
				INFOPLIST_KEY_UISupportedInterfaceOrientations_iPhone = "UIInterfaceOrientationPortrait UIInterfaceOrientationLandscapeLeft UIInterfaceOrientationLandscapeRight";
				IPHONEOS_DEPLOYMENT_TARGET = 15.4;
				LD_RUNPATH_SEARCH_PATHS = (
					"$(inherited)",
					"@executable_path/Frameworks",
				);
				MARKETING_VERSION = 1.0;
				PRODUCT_BUNDLE_IDENTIFIER = com.weakteam.BigBan;
				PRODUCT_NAME = BigBanEng;
				PROVISIONING_PROFILE_SPECIFIER = BigBanEnglish;
				SDKROOT = iphoneos;
				SWIFT_EMIT_LOC_STRINGS = YES;
				SWIFT_VERSION = 5.0;
				TARGETED_DEVICE_FAMILY = "1,2";
			};
			name = Debug;
		};
		54E349C4282D08C10059AFD0 /* Release */ = {
			isa = XCBuildConfiguration;
			buildSettings = {
				ASSETCATALOG_COMPILER_APPICON_NAME = AppIcon;
				ASSETCATALOG_COMPILER_GLOBAL_ACCENT_COLOR_NAME = AccentColor;
				CODE_SIGN_IDENTITY = "iPhone Distribution";
				CODE_SIGN_STYLE = Manual;
				CURRENT_PROJECT_VERSION = 1;
				DEVELOPMENT_TEAM = HPV9E52JPX;
				ENABLE_PREVIEWS = YES;
				GENERATE_INFOPLIST_FILE = YES;
				INFOPLIST_KEY_UIApplicationSceneManifest_Generation = YES;
				INFOPLIST_KEY_UIApplicationSupportsIndirectInputEvents = YES;
				INFOPLIST_KEY_UILaunchScreen_Generation = YES;
				INFOPLIST_KEY_UISupportedInterfaceOrientations_iPad = "UIInterfaceOrientationPortrait UIInterfaceOrientationPortraitUpsideDown UIInterfaceOrientationLandscapeLeft UIInterfaceOrientationLandscapeRight";
				INFOPLIST_KEY_UISupportedInterfaceOrientations_iPhone = "UIInterfaceOrientationPortrait UIInterfaceOrientationLandscapeLeft UIInterfaceOrientationLandscapeRight";
				IPHONEOS_DEPLOYMENT_TARGET = 15.4;
				LD_RUNPATH_SEARCH_PATHS = (
					"$(inherited)",
					"@executable_path/Frameworks",
				);
				MARKETING_VERSION = 1.0;
				PRODUCT_BUNDLE_IDENTIFIER = com.weakteam.BigBan;
				PRODUCT_NAME = BigBanEng;
				PROVISIONING_PROFILE_SPECIFIER = BigBanEnglish_Dist;
				SDKROOT = iphoneos;
				SWIFT_EMIT_LOC_STRINGS = YES;
				SWIFT_VERSION = 5.0;
				TARGETED_DEVICE_FAMILY = "1,2";
				VALIDATE_PRODUCT = YES;
			};
			name = Release;
		};
		54E349C6282D08C10059AFD0 /* Debug */ = {
			isa = XCBuildConfiguration;
			buildSettings = {
				ASSETCATALOG_COMPILER_APPICON_NAME = AppIcon;
				ASSETCATALOG_COMPILER_GLOBAL_ACCENT_COLOR_NAME = AccentColor;
				CODE_SIGN_ENTITLEMENTS = macOS/macOS.entitlements;
				CODE_SIGN_STYLE = Automatic;
				COMBINE_HIDPI_IMAGES = YES;
				CURRENT_PROJECT_VERSION = 1;
				DEVELOPMENT_TEAM = HPV9E52JPX;
				ENABLE_HARDENED_RUNTIME = YES;
				ENABLE_PREVIEWS = YES;
				GENERATE_INFOPLIST_FILE = YES;
				INFOPLIST_KEY_NSHumanReadableCopyright = "";
				LD_RUNPATH_SEARCH_PATHS = (
					"$(inherited)",
					"@executable_path/../Frameworks",
				);
				MACOSX_DEPLOYMENT_TARGET = 12.3;
				MARKETING_VERSION = 1.0;
				PRODUCT_BUNDLE_IDENTIFIER = com.weakteam.EnglishGameTime;
				PRODUCT_NAME = BigBanEng;
				SDKROOT = macosx;
				SWIFT_EMIT_LOC_STRINGS = YES;
				SWIFT_VERSION = 5.0;
			};
			name = Debug;
		};
		54E349C7282D08C10059AFD0 /* Release */ = {
			isa = XCBuildConfiguration;
			buildSettings = {
				ASSETCATALOG_COMPILER_APPICON_NAME = AppIcon;
				ASSETCATALOG_COMPILER_GLOBAL_ACCENT_COLOR_NAME = AccentColor;
				CODE_SIGN_ENTITLEMENTS = macOS/macOS.entitlements;
				CODE_SIGN_STYLE = Automatic;
				COMBINE_HIDPI_IMAGES = YES;
				CURRENT_PROJECT_VERSION = 1;
				DEVELOPMENT_TEAM = HPV9E52JPX;
				ENABLE_HARDENED_RUNTIME = YES;
				ENABLE_PREVIEWS = YES;
				GENERATE_INFOPLIST_FILE = YES;
				INFOPLIST_KEY_NSHumanReadableCopyright = "";
				LD_RUNPATH_SEARCH_PATHS = (
					"$(inherited)",
					"@executable_path/../Frameworks",
				);
				MACOSX_DEPLOYMENT_TARGET = 12.3;
				MARKETING_VERSION = 1.0;
				PRODUCT_BUNDLE_IDENTIFIER = com.weakteam.EnglishGameTime;
				PRODUCT_NAME = BigBanEng;
				SDKROOT = macosx;
				SWIFT_EMIT_LOC_STRINGS = YES;
				SWIFT_VERSION = 5.0;
			};
			name = Release;
		};
/* End XCBuildConfiguration section */

/* Begin XCConfigurationList section */
		54E349A8282D08BF0059AFD0 /* Build configuration list for PBXProject "BigBanEng" */ = {
			isa = XCConfigurationList;
			buildConfigurations = (
				54E349C0282D08C10059AFD0 /* Debug */,
				54E349C1282D08C10059AFD0 /* Release */,
			);
			defaultConfigurationIsVisible = 0;
			defaultConfigurationName = Release;
		};
		54E349C2282D08C10059AFD0 /* Build configuration list for PBXNativeTarget "BigBanEng (iOS)" */ = {
			isa = XCConfigurationList;
			buildConfigurations = (
				54E349C3282D08C10059AFD0 /* Debug */,
				54E349C4282D08C10059AFD0 /* Release */,
			);
			defaultConfigurationIsVisible = 0;
			defaultConfigurationName = Release;
		};
		54E349C5282D08C10059AFD0 /* Build configuration list for PBXNativeTarget "BigBanEng (macOS)" */ = {
			isa = XCConfigurationList;
			buildConfigurations = (
				54E349C6282D08C10059AFD0 /* Debug */,
				54E349C7282D08C10059AFD0 /* Release */,
			);
			defaultConfigurationIsVisible = 0;
			defaultConfigurationName = Release;
		};
/* End XCConfigurationList section */
	};
	rootObject = 54E349A5282D08BF0059AFD0 /* Project object */;
}
